
Microsoft Visual Studio Solution File, Format Version 12.00
# Visual Studio Version 17
VisualStudioVersion = 17.4.33403.182
MinimumVisualStudioVersion = 10.0.40219.1
Project("{8BC9CEB8-8B4A-11D0-8D11-00A0C91BC942}") = "LWD4_11", "LWD4_11\LWD4_11.vcxproj", "{05531DA9-616C-4B54-BB7D-0C23C5C412E4}"
EndProject
Project("{8BC9CEB8-8B4A-11D0-8D11-00A0C91BC942}") = "ConsoleApplication4", "..\..\..\drafts\ConsoleApplication4\ConsoleApplication4.vcxproj", "{AE1C6FB8-4C63-4980-A46B-4DAB3E1A67C0}"
EndProject
Global
	GlobalSection(SolutionConfigurationPlatforms) = preSolution
		Debug|x64 = Debug|x64
		Debug|x86 = Debug|x86
		Release|x64 = Release|x64
		Release|x86 = Release|x86
	EndGlobalSection
	GlobalSection(ProjectConfigurationPlatforms) = postSolution
		{05531DA9-616C-4B54-BB7D-0C23C5C412E4}.Debug|x64.ActiveCfg = Debug|x64
		{05531DA9-616C-4B54-BB7D-0C23C5C412E4}.Debug|x64.Build.0 = Debug|x64
		{05531DA9-616C-4B54-BB7D-0C23C5C412E4}.Debug|x86.ActiveCfg = Debug|Win32
		{05531DA9-616C-4B54-BB7D-0C23C5C412E4}.Debug|x86.Build.0 = Debug|Win32
		{05531DA9-616C-4B54-BB7D-0C23C5C412E4}.Release|x64.ActiveCfg = Release|x64
		{05531DA9-616C-4B54-BB7D-0C23C5C412E4}.Release|x64.Build.0 = Release|x64
		{05531DA9-616C-4B54-BB7D-0C23C5C412E4}.Release|x86.ActiveCfg = Release|Win32
		{05531DA9-616C-4B54-BB7D-0C23C5C412E4}.Release|x86.Build.0 = Release|Win32
		{AE1C6FB8-4C63-4980-A46B-4DAB3E1A67C0}.Debug|x64.ActiveCfg = Debug|x64
		{AE1C6FB8-4C63-4980-A46B-4DAB3E1A67C0}.Debug|x64.Build.0 = Debug|x64
		{AE1C6FB8-4C63-4980-A46B-4DAB3E1A67C0}.Debug|x86.ActiveCfg = Debug|Win32
		{AE1C6FB8-4C63-4980-A46B-4DAB3E1A67C0}.Debug|x86.Build.0 = Debug|Win32
		{AE1C6FB8-4C63-4980-A46B-4DAB3E1A67C0}.Release|x64.ActiveCfg = Release|x64
		{AE1C6FB8-4C63-4980-A46B-4DAB3E1A67C0}.Release|x64.Build.0 = Release|x64
		{AE1C6FB8-4C63-4980-A46B-4DAB3E1A67C0}.Release|x86.ActiveCfg = Release|Win32
		{AE1C6FB8-4C63-4980-A46B-4DAB3E1A67C0}.Release|x86.Build.0 = Release|Win32
	EndGlobalSection
	GlobalSection(SolutionProperties) = preSolution
		HideSolutionNode = FALSE
	EndGlobalSection
	GlobalSection(ExtensibilityGlobals) = postSolution
		SolutionGuid = {33567026-6D67-49A4-9703-7FB141B93A8E}
	EndGlobalSection
EndGlobal
